
Microsoft Visual Studio Solution File, Format Version 12.00
# Visual Studio Version 16
VisualStudioVersion = 16.0.31205.134
MinimumVisualStudioVersion = 10.0.40219.1
Project("{9A19103F-16F7-4668-BE54-9A1E7A4F7556}") = "WinLog", "Source\WinLog\WinLog.csproj", "{40655ABD-67A2-4D3E-A77D-578FC8216686}"
EndProject
Global
	GlobalSection(SolutionConfigurationPlatforms) = preSolution
		Debug|Any CPU = Debug|Any CPU
		Release|Any CPU = Release|Any CPU
	EndGlobalSection
	GlobalSection(ProjectConfigurationPlatforms) = postSolution
		{40655ABD-67A2-4D3E-A77D-578FC8216686}.Debug|Any CPU.ActiveCfg = Debug|Any CPU
		{40655ABD-67A2-4D3E-A77D-578FC8216686}.Debug|Any CPU.Build.0 = Debug|Any CPU
		{40655ABD-67A2-4D3E-A77D-578FC8216686}.Release|Any CPU.ActiveCfg = Release|Any CPU
		{40655ABD-67A2-4D3E-A77D-578FC8216686}.Release|Any CPU.Build.0 = Release|Any CPU
	EndGlobalSection
	GlobalSection(SolutionProperties) = preSolution
		HideSolutionNode = FALSE
	EndGlobalSection
	GlobalSection(ExtensibilityGlobals) = postSolution
		SolutionGuid = {FF9F9D8B-A5B6-41D1-A4D3-8EDFB0C8E664}
	EndGlobalSection
EndGlobal
